
Microsoft Visual Studio Solution File, Format Version 12.00
# Visual Studio Version 16
VisualStudioVersion = 16.0.31205.134
MinimumVisualStudioVersion = 10.0.40219.1
Project("{FAE04EC0-301F-11D3-BF4B-00C04F79EFBC}") = "WpfAppLabHome", "WpfAppLabHome.csproj", "{C0D873AC-6693-4B19-AD87-3FCEFA83AC49}"
EndProject
Global
	GlobalSection(SolutionConfigurationPlatforms) = preSolution
		Debug|Any CPU = Debug|Any CPU
		Release|Any CPU = Release|Any CPU
	EndGlobalSection
	GlobalSection(ProjectConfigurationPlatforms) = postSolution
		{C0D873AC-6693-4B19-AD87-3FCEFA83AC49}.Debug|Any CPU.ActiveCfg = Debug|Any CPU
		{C0D873AC-6693-4B19-AD87-3FCEFA83AC49}.Debug|Any CPU.Build.0 = Debug|Any CPU
		{C0D873AC-6693-4B19-AD87-3FCEFA83AC49}.Release|Any CPU.ActiveCfg = Release|Any CPU
		{C0D873AC-6693-4B19-AD87-3FCEFA83AC49}.Release|Any CPU.Build.0 = Release|Any CPU
	EndGlobalSection
	GlobalSection(SolutionProperties) = preSolution
		HideSolutionNode = FALSE
	EndGlobalSection
	GlobalSection(ExtensibilityGlobals) = postSolution
		SolutionGuid = {AE21A185-A631-422E-B8EC-AB6D6F59DABC}
	EndGlobalSection
EndGlobal
